
Microsoft Visual Studio Solution File, Format Version 12.00
# Visual Studio 14
VisualStudioVersion = 14.0.25420.1
MinimumVisualStudioVersion = 10.0.40219.1
Project("{FAE04EC0-301F-11D3-BF4B-00C04F79EFBC}") = "Classes", "Classes\Classes.csproj", "{ED885319-4A2B-4761-AF05-629E8E05BD4A}"
EndProject
Project("{FAE04EC0-301F-11D3-BF4B-00C04F79EFBC}") = "Model", "Model\Model.csproj", "{289F6EC7-55AF-4452-8180-CE1B6ABC5EDC}"
EndProject
Global
	GlobalSection(SolutionConfigurationPlatforms) = preSolution
		Debug|Any CPU = Debug|Any CPU
		Release|Any CPU = Release|Any CPU
	EndGlobalSection
	GlobalSection(ProjectConfigurationPlatforms) = postSolution
		{ED885319-4A2B-4761-AF05-629E8E05BD4A}.Debug|Any CPU.ActiveCfg = Debug|Any CPU
		{ED885319-4A2B-4761-AF05-629E8E05BD4A}.Debug|Any CPU.Build.0 = Debug|Any CPU
		{ED885319-4A2B-4761-AF05-629E8E05BD4A}.Release|Any CPU.ActiveCfg = Release|Any CPU
		{ED885319-4A2B-4761-AF05-629E8E05BD4A}.Release|Any CPU.Build.0 = Release|Any CPU
		{289F6EC7-55AF-4452-8180-CE1B6ABC5EDC}.Debug|Any CPU.ActiveCfg = Debug|Any CPU
		{289F6EC7-55AF-4452-8180-CE1B6ABC5EDC}.Debug|Any CPU.Build.0 = Debug|Any CPU
		{289F6EC7-55AF-4452-8180-CE1B6ABC5EDC}.Release|Any CPU.ActiveCfg = Release|Any CPU
		{289F6EC7-55AF-4452-8180-CE1B6ABC5EDC}.Release|Any CPU.Build.0 = Release|Any CPU
	EndGlobalSection
	GlobalSection(SolutionProperties) = preSolution
		HideSolutionNode = FALSE
	EndGlobalSection
EndGlobal
