
Microsoft Visual Studio Solution File, Format Version 12.00
# Visual Studio 15
VisualStudioVersion = 15.0.26430.14
MinimumVisualStudioVersion = 10.0.40219.1
Project("{2150E333-8FDC-42A3-9474-1A3956D46DE8}") = "src", "src", "{875F65A9-CA7C-4860-ACEE-0EA6B106899A}"
EndProject
Project("{2150E333-8FDC-42A3-9474-1A3956D46DE8}") = "Solution Items", "Solution Items", "{C34158A5-6237-4C23-89BF-FDCC837604A1}"
EndProject
Project("{9A19103F-16F7-4668-BE54-9A1E7A4F7556}") = "MyCoreWebApi", "src\MyCoreWebApi\MyCoreWebApi.csproj", "{107BF019-2C2C-40BB-961B-67E3F765BB3C}"
EndProject
Project("{9A19103F-16F7-4668-BE54-9A1E7A4F7556}") = "ToDo.Models", "src\ToDo.Models\ToDo.Models.csproj", "{64FC8D91-09A1-46E5-9A01-AC4A847FE604}"
EndProject
Project("{9A19103F-16F7-4668-BE54-9A1E7A4F7556}") = "ToDo.Data", "src\ToDo.Data\ToDo.Data.csproj", "{AEC10794-303F-4071-95F1-B64B82E8129F}"
EndProject
Project("{9A19103F-16F7-4668-BE54-9A1E7A4F7556}") = "ToDo.Repository", "src\ToDo.Repository\ToDo.Repository.csproj", "{0AA4292F-F624-4180-B2C8-3F95AA3529C8}"
EndProject
Project("{9A19103F-16F7-4668-BE54-9A1E7A4F7556}") = "ToDo.Responses", "src\ToDo.Responses\ToDo.Responses.csproj", "{88D54DAA-E054-451C-B557-DA6255F5C144}"
EndProject
Global
	GlobalSection(SolutionConfigurationPlatforms) = preSolution
		Debug|Any CPU = Debug|Any CPU
		Release|Any CPU = Release|Any CPU
	EndGlobalSection
	GlobalSection(ProjectConfigurationPlatforms) = postSolution
		{107BF019-2C2C-40BB-961B-67E3F765BB3C}.Debug|Any CPU.ActiveCfg = Debug|Any CPU
		{107BF019-2C2C-40BB-961B-67E3F765BB3C}.Debug|Any CPU.Build.0 = Debug|Any CPU
		{107BF019-2C2C-40BB-961B-67E3F765BB3C}.Release|Any CPU.ActiveCfg = Release|Any CPU
		{107BF019-2C2C-40BB-961B-67E3F765BB3C}.Release|Any CPU.Build.0 = Release|Any CPU
		{64FC8D91-09A1-46E5-9A01-AC4A847FE604}.Debug|Any CPU.ActiveCfg = Debug|Any CPU
		{64FC8D91-09A1-46E5-9A01-AC4A847FE604}.Debug|Any CPU.Build.0 = Debug|Any CPU
		{64FC8D91-09A1-46E5-9A01-AC4A847FE604}.Release|Any CPU.ActiveCfg = Release|Any CPU
		{64FC8D91-09A1-46E5-9A01-AC4A847FE604}.Release|Any CPU.Build.0 = Release|Any CPU
		{AEC10794-303F-4071-95F1-B64B82E8129F}.Debug|Any CPU.ActiveCfg = Debug|Any CPU
		{AEC10794-303F-4071-95F1-B64B82E8129F}.Debug|Any CPU.Build.0 = Debug|Any CPU
		{AEC10794-303F-4071-95F1-B64B82E8129F}.Release|Any CPU.ActiveCfg = Release|Any CPU
		{AEC10794-303F-4071-95F1-B64B82E8129F}.Release|Any CPU.Build.0 = Release|Any CPU
		{0AA4292F-F624-4180-B2C8-3F95AA3529C8}.Debug|Any CPU.ActiveCfg = Debug|Any CPU
		{0AA4292F-F624-4180-B2C8-3F95AA3529C8}.Debug|Any CPU.Build.0 = Debug|Any CPU
		{0AA4292F-F624-4180-B2C8-3F95AA3529C8}.Release|Any CPU.ActiveCfg = Release|Any CPU
		{0AA4292F-F624-4180-B2C8-3F95AA3529C8}.Release|Any CPU.Build.0 = Release|Any CPU
		{88D54DAA-E054-451C-B557-DA6255F5C144}.Debug|Any CPU.ActiveCfg = Debug|Any CPU
		{88D54DAA-E054-451C-B557-DA6255F5C144}.Debug|Any CPU.Build.0 = Debug|Any CPU
		{88D54DAA-E054-451C-B557-DA6255F5C144}.Release|Any CPU.ActiveCfg = Release|Any CPU
		{88D54DAA-E054-451C-B557-DA6255F5C144}.Release|Any CPU.Build.0 = Release|Any CPU
	EndGlobalSection
	GlobalSection(SolutionProperties) = preSolution
		HideSolutionNode = FALSE
	EndGlobalSection
	GlobalSection(NestedProjects) = preSolution
		{107BF019-2C2C-40BB-961B-67E3F765BB3C} = {875F65A9-CA7C-4860-ACEE-0EA6B106899A}
		{64FC8D91-09A1-46E5-9A01-AC4A847FE604} = {875F65A9-CA7C-4860-ACEE-0EA6B106899A}
		{AEC10794-303F-4071-95F1-B64B82E8129F} = {875F65A9-CA7C-4860-ACEE-0EA6B106899A}
		{0AA4292F-F624-4180-B2C8-3F95AA3529C8} = {875F65A9-CA7C-4860-ACEE-0EA6B106899A}
		{88D54DAA-E054-451C-B557-DA6255F5C144} = {875F65A9-CA7C-4860-ACEE-0EA6B106899A}
	EndGlobalSection
EndGlobal
