
Microsoft Visual Studio Solution File, Format Version 12.00
# Visual Studio 14
VisualStudioVersion = 14.0.25420.1
MinimumVisualStudioVersion = 10.0.40219.1
Project("{FAE04EC0-301F-11D3-BF4B-00C04F79EFBC}") = "Presentation", "MovieTheather\Presentation.csproj", "{2D5468C7-282F-4C86-89A7-D3E8E98C2957}"
EndProject
Project("{FAE04EC0-301F-11D3-BF4B-00C04F79EFBC}") = "Admin", "WebApplication1\Admin.csproj", "{02BBC075-1A81-4ABF-8EF8-BDFF6E36D10A}"
EndProject
Project("{FAE04EC0-301F-11D3-BF4B-00C04F79EFBC}") = "Core", "Core\Core.csproj", "{AFA87213-84A4-43CF-85EF-98FDFACD815B}"
EndProject
Global
	GlobalSection(SolutionConfigurationPlatforms) = preSolution
		Debug|Any CPU = Debug|Any CPU
		Release|Any CPU = Release|Any CPU
	EndGlobalSection
	GlobalSection(ProjectConfigurationPlatforms) = postSolution
		{2D5468C7-282F-4C86-89A7-D3E8E98C2957}.Debug|Any CPU.ActiveCfg = Debug|Any CPU
		{2D5468C7-282F-4C86-89A7-D3E8E98C2957}.Debug|Any CPU.Build.0 = Debug|Any CPU
		{2D5468C7-282F-4C86-89A7-D3E8E98C2957}.Release|Any CPU.ActiveCfg = Release|Any CPU
		{2D5468C7-282F-4C86-89A7-D3E8E98C2957}.Release|Any CPU.Build.0 = Release|Any CPU
		{02BBC075-1A81-4ABF-8EF8-BDFF6E36D10A}.Debug|Any CPU.ActiveCfg = Debug|Any CPU
		{02BBC075-1A81-4ABF-8EF8-BDFF6E36D10A}.Debug|Any CPU.Build.0 = Debug|Any CPU
		{02BBC075-1A81-4ABF-8EF8-BDFF6E36D10A}.Release|Any CPU.ActiveCfg = Release|Any CPU
		{02BBC075-1A81-4ABF-8EF8-BDFF6E36D10A}.Release|Any CPU.Build.0 = Release|Any CPU
		{AFA87213-84A4-43CF-85EF-98FDFACD815B}.Debug|Any CPU.ActiveCfg = Debug|Any CPU
		{AFA87213-84A4-43CF-85EF-98FDFACD815B}.Debug|Any CPU.Build.0 = Debug|Any CPU
		{AFA87213-84A4-43CF-85EF-98FDFACD815B}.Release|Any CPU.ActiveCfg = Release|Any CPU
		{AFA87213-84A4-43CF-85EF-98FDFACD815B}.Release|Any CPU.Build.0 = Release|Any CPU
	EndGlobalSection
	GlobalSection(SolutionProperties) = preSolution
		HideSolutionNode = FALSE
	EndGlobalSection
EndGlobal
